Microsoft Visual Studio Solution File, Format Version 12.00
# Visual Studio Version 17
VisualStudioVersion = 17.13.35806.99
MinimumVisualStudioVersion = 10.0.40219.1
Project("{FAE04EC0-301F-11D3-BF4B-00C04F79EFBC}") = "AcademicRecordsApp", "AcademicRecordsApp\AcademicRecordsApp.csproj", "{9AF4417D-CFD5-47CE-B55A-4AB9BD7A9F86}"
EndProject
Global
	GlobalSection(SolutionConfigurationPlatforms) = preSolution
		Debug|Any CPU = Debug|Any CPU
		Release|Any CPU = Release|Any CPU
	EndGlobalSection
	GlobalSection(ProjectConfigurationPlatforms) = postSolution
		{9AF4417D-CFD5-47CE-B55A-4AB9BD7A9F86}.Debug|Any CPU.ActiveCfg = Debug|Any CPU
		{9AF4417D-CFD5-47CE-B55A-4AB9BD7A9F86}.Debug|Any CPU.Build.0 = Debug|Any CPU
		{9AF4417D-CFD5-47CE-B55A-4AB9BD7A9F86}.Release|Any CPU.ActiveCfg = Release|Any CPU
		{9AF4417D-CFD5-47CE-B55A-4AB9BD7A9F86}.Release|Any CPU.Build.0 = Release|Any CPU
	EndGlobalSection
	GlobalSection(SolutionProperties) = preSolution
		HideSolutionNode = FALSE
	EndGlobalSection
	GlobalSection(ExtensibilityGlobals) = postSolution
		SolutionGuid = {B1203ECB-B9F6-4A29-AE13-7E7BCF727FE9}
	EndGlobalSection
EndGlobal
